
Microsoft Visual Studio Solution File, Format Version 12.00
# Visual Studio Version 16
VisualStudioVersion = 16.0.31410.357
MinimumVisualStudioVersion = 10.0.40219.1
Project("{FAE04EC0-301F-11D3-BF4B-00C04F79EFBC}") = "ExercicioProposto212", "ExercicioProposto212\ExercicioProposto212.csproj", "{F874243C-7417-47A5-9475-05D2E325FA47}"
EndProject
Global
	GlobalSection(SolutionConfigurationPlatforms) = preSolution
		Debug|Any CPU = Debug|Any CPU
		Release|Any CPU = Release|Any CPU
	EndGlobalSection
	GlobalSection(ProjectConfigurationPlatforms) = postSolution
		{F874243C-7417-47A5-9475-05D2E325FA47}.Debug|Any CPU.ActiveCfg = Debug|Any CPU
		{F874243C-7417-47A5-9475-05D2E325FA47}.Debug|Any CPU.Build.0 = Debug|Any CPU
		{F874243C-7417-47A5-9475-05D2E325FA47}.Release|Any CPU.ActiveCfg = Release|Any CPU
		{F874243C-7417-47A5-9475-05D2E325FA47}.Release|Any CPU.Build.0 = Release|Any CPU
	EndGlobalSection
	GlobalSection(SolutionProperties) = preSolution
		HideSolutionNode = FALSE
	EndGlobalSection
	GlobalSection(ExtensibilityGlobals) = postSolution
		SolutionGuid = {C08A90FF-37AE-43BC-8530-8952222D3F8C}
	EndGlobalSection
EndGlobal
